
Microsoft Visual Studio Solution File, Format Version 12.00
# Visual Studio Version 17
VisualStudioVersion = 17.14.36408.4 d17.14
MinimumVisualStudioVersion = 10.0.40219.1
Project("{FAE04EC0-301F-11D3-BF4B-00C04F79EFBC}") = "ConsolePDFResizer", "ConsolePDFResizer.csproj", "{362B72A9-3611-444B-9FD8-5ABB20DF7B37}"
EndProject
Global
	GlobalSection(SolutionConfigurationPlatforms) = preSolution
		Debug|Any CPU = Debug|Any CPU
		Release|Any CPU = Release|Any CPU
	EndGlobalSection
	GlobalSection(ProjectConfigurationPlatforms) = postSolution
		{362B72A9-3611-444B-9FD8-5ABB20DF7B37}.Debug|Any CPU.ActiveCfg = Debug|Any CPU
		{362B72A9-3611-444B-9FD8-5ABB20DF7B37}.Debug|Any CPU.Build.0 = Debug|Any CPU
		{362B72A9-3611-444B-9FD8-5ABB20DF7B37}.Release|Any CPU.ActiveCfg = Release|Any CPU
		{362B72A9-3611-444B-9FD8-5ABB20DF7B37}.Release|Any CPU.Build.0 = Release|Any CPU
	EndGlobalSection
	GlobalSection(SolutionProperties) = preSolution
		HideSolutionNode = FALSE
	EndGlobalSection
	GlobalSection(ExtensibilityGlobals) = postSolution
		SolutionGuid = {0DAE603E-8B29-450E-BFFF-A5EE4AC0C5FE}
	EndGlobalSection
EndGlobal
